// !$*UTF8*$!
{
	archiveVersion = 1;
	classes = {
	};
	objectVersion = 46;
	objects = {

/* Begin PBXBuildFile section */
		980EA8261E57D22A0080CE10 /* AppDelegate.m in Sources */ = {isa = PBXBuildFile; fileRef = 980EA8251E57D22A0080CE10 /* AppDelegate.m */; };
		980EA8291E57D22A0080CE10 /* main.m in Sources */ = {isa = PBXBuildFile; fileRef = 980EA8281E57D22A0080CE10 /* main.m */; };
		980EA82B1E57D22A0080CE10 /* Assets.xcassets in Resources */ = {isa = PBXBuildFile; fileRef = 980EA82A1E57D22A0080CE10 /* Assets.xcassets */; };
		980EA82E1E57D22A0080CE10 /* MainMenu.xib in Resources */ = {isa = PBXBuildFile; fileRef = 980EA82C1E57D22A0080CE10 /* MainMenu.xib */; };
/* End PBXBuildFile section */

/* Begin PBXFileReference section */
		980EA8211E57D22A0080CE10 /* Attention Grabber.app */ = {isa = PBXFileReference; explicitFileType = wrapper.application; includeInIndex = 0; path = "Attention Grabber.app"; sourceTree = BUILT_PRODUCTS_DIR; };
		980EA8241E57D22A0080CE10 /* AppDelegate.h */ = {isa = PBXFileReference; lastKnownFileType = sourcecode.c.h; path = AppDelegate.h; sourceTree = "<group>"; };
		980EA8251E57D22A0080CE10 /* AppDelegate.m */ = {isa = PBXFileReference; lastKnownFileType = sourcecode.c.objc; path = AppDelegate.m; sourceTree = "<group>"; };
		980EA8281E57D22A0080CE10 /* main.m */ = {isa = PBXFileReference; lastKnownFileType = sourcecode.c.objc; path = main.m; sourceTree = "<group>"; };
		980EA82A1E57D22A0080CE10 /* Assets.xcassets */ = {isa = PBXFileReference; lastKnownFileType = folder.assetcatalog; path = Assets.xcassets; sourceTree = "<group>"; };
		980EA82D1E57D22A0080CE10 /* Base */ = {isa = PBXFileReference; lastKnownFileType = file.xib; name = Base; path = Base.lproj/MainMenu.xib; sourceTree = "<group>"; };
		980EA82F1E57D22A0080CE10 /* Info.plist */ = {isa = PBXFileReference; lastKnownFileType = text.plist.xml; path = Info.plist; sourceTree = "<group>"; };
/* End PBXFileReference section */

/* Begin PBXFrameworksBuildPhase section */
		980EA81E1E57D22A0080CE10 /* Frameworks */ = {
			isa = PBXFrameworksBuildPhase;
			buildActionMask = 2147483647;
			files = (
			);
			runOnlyForDeploymentPostprocessing = 0;
		};
/* End PBXFrameworksBuildPhase section */

/* Begin PBXGroup section */
		980EA8181E57D22A0080CE10 = {
			isa = PBXGroup;
			children = (
				980EA8231E57D22A0080CE10 /* Attention Grabber */,
				980EA8221E57D22A0080CE10 /* Products */,
			);
			sourceTree = "<group>";
		};
		980EA8221E57D22A0080CE10 /* Products */ = {
			isa = PBXGroup;
			children = (
				980EA8211E57D22A0080CE10 /* Attention Grabber.app */,
			);
			name = Products;
			sourceTree = "<group>";
		};
		980EA8231E57D22A0080CE10 /* Attention Grabber */ = {
			isa = PBXGroup;
			children = (
				980EA8241E57D22A0080CE10 /* AppDelegate.h */,
				980EA8251E57D22A0080CE10 /* AppDelegate.m */,
				980EA82A1E57D22A0080CE10 /* Assets.xcassets */,
				980EA82C1E57D22A0080CE10 /* MainMenu.xib */,
				980EA82F1E57D22A0080CE10 /* Info.plist */,
				980EA8271E57D22A0080CE10 /* Supporting Files */,
			);
			path = "Attention Grabber";
			sourceTree = "<group>";
		};
		980EA8271E57D22A0080CE10 /* Supporting Files */ = {
			isa = PBXGroup;
			children = (
				980EA8281E57D22A0080CE10 /* main.m */,
			);
			name = "Supporting Files";
			sourceTree = "<group>";
		};
/* End PBXGroup section */

/* Begin PBXNativeTarget section */
		980EA8201E57D22A0080CE10 /* Attention Grabber */ = {
			isa = PBXNativeTarget;
			buildConfigurationList = 980EA8321E57D22A0080CE10 /* Build configuration list for PBXNativeTarget "Attention Grabber" */;
			buildPhases = (
				980EA81D1E57D22A0080CE10 /* Sources */,
				980EA81E1E57D22A0080CE10 /* Frameworks */,
				980EA81F1E57D22A0080CE10 /* Resources */,
			);
			buildRules = (
			);
			dependencies = (
			);
			name = "Attention Grabber";
			productName = "Attention Grabber";
			productReference = 980EA8211E57D22A0080CE10 /* Attention Grabber.app */;
			productType = "com.apple.product-type.application";
		};
/* End PBXNativeTarget section */

/* Begin PBXProject section */
		980EA8191E57D22A0080CE10 /* Project object */ = {
			isa = PBXProject;
			attributes = {
				LastUpgradeCheck = 0820;
				ORGANIZATIONNAME = "Rory Mulligan";
				TargetAttributes = {
					980EA8201E57D22A0080CE10 = {
						CreatedOnToolsVersion = 8.2.1;
						DevelopmentTeam = LDG49ZTAY9;
						ProvisioningStyle = Automatic;
					};
				};
			};
			buildConfigurationList = 980EA81C1E57D22A0080CE10 /* Build configuration list for PBXProject "Attention Grabber" */;
			compatibilityVersion = "Xcode 3.2";
			developmentRegion = English;
			hasScannedForEncodings = 0;
			knownRegions = (
				en,
				Base,
			);
			mainGroup = 980EA8181E57D22A0080CE10;
			productRefGroup = 980EA8221E57D22A0080CE10 /* Products */;
			projectDirPath = "";
			projectRoot = "";
			targets = (
				980EA8201E57D22A0080CE10 /* Attention Grabber */,
			);
		};
/* End PBXProject section */

/* Begin PBXResourcesBuildPhase section */
		980EA81F1E57D22A0080CE10 /* Resources */ = {
			isa = PBXResourcesBuildPhase;
			buildActionMask = 2147483647;
			files = (
				980EA82B1E57D22A0080CE10 /* Assets.xcassets in Resources */,
				980EA82E1E57D22A0080CE10 /* MainMenu.xib in Resources */,
			);
			runOnlyForDeploymentPostprocessing = 0;
		};
/* End PBXResourcesBuildPhase section */

/* Begin PBXSourcesBuildPhase section */
		980EA81D1E57D22A0080CE10 /* Sources */ = {
			isa = PBXSourcesBuildPhase;
			buildActionMask = 2147483647;
			files = (
				980EA8291E57D22A0080CE10 /* main.m in Sources */,
				980EA8261E57D22A0080CE10 /* AppDelegate.m in Sources */,
			);
			runOnlyForDeploymentPostprocessing = 0;
		};
/* End PBXSourcesBuildPhase section */

/* Begin PBXVariantGroup section */
		980EA82C1E57D22A0080CE10 /* MainMenu.xib */ = {
			isa = PBXVariantGroup;
			children = (
				980EA82D1E57D22A0080CE10 /* Base */,
			);
			name = MainMenu.xib;
			sourceTree = "<group>";
		};
/* End PBXVariantGroup section */

/* Begin XCBuildConfiguration section */
		980EA8301E57D22A0080CE10 /* Debug */ = {
			isa = XCBuildConfiguration;
			buildSettings = {
				ALWAYS_SEARCH_USER_PATHS = NO;
				CLANG_ANALYZER_NONNULL = YES;
				CLANG_CXX_LANGUAGE_STANDARD = "gnu++0x";
				CLANG_CXX_LIBRARY = "libc++";
				CLANG_ENABLE_MODULES = YES;
				CLANG_ENABLE_OBJC_ARC = YES;
				CLANG_WARN_BOOL_CONVERSION = YES;
				CLANG_WARN_CONSTANT_CONVERSION = YES;
				CLANG_WARN_DIRECT_OBJC_ISA_USAGE = YES_ERROR;
				CLANG_WARN_DOCUMENTATION_COMMENTS = YES;
				CLANG_WARN_EMPTY_BODY = YES;
				CLANG_WARN_ENUM_CONVERSION = YES;
				CLANG_WARN_INFINITE_RECURSION = YES;
				CLANG_WARN_INT_CONVERSION = YES;
				CLANG_WARN_OBJC_ROOT_CLASS = YES_ERROR;
				CLANG_WARN_SUSPICIOUS_MOVE = YES;
				CLANG_WARN_UNREACHABLE_CODE = YES;
				CLANG_WARN__DUPLICATE_METHOD_MATCH = YES;
				CODE_SIGN_IDENTITY = "-";
				COPY_PHASE_STRIP = NO;
				DEBUG_INFORMATION_FORMAT = dwarf;
				ENABLE_STRICT_OBJC_MSGSEND = YES;
				ENABLE_TESTABILITY = YES;
				GCC_C_LANGUAGE_STANDARD = gnu99;
				GCC_DYNAMIC_NO_PIC = NO;
				GCC_NO_COMMON_BLOCKS = YES;
				GCC_OPTIMIZATION_LEVEL = 0;
				GCC_PREPROCESSOR_DEFINITIONS = (
					"DEBUG=1",
					"$(inherited)",
				);
				GCC_WARN_64_TO_32_BIT_CONVERSION = YES;
				GCC_WARN_ABOUT_RETURN_TYPE = YES_ERROR;
				GCC_WARN_UNDECLARED_SELECTOR = YES;
				GCC_WARN_UNINITIALIZED_AUTOS = YES_AGGRESSIVE;
				GCC_WARN_UNUSED_FUNCTION = YES;
				GCC_WARN_UNUSED_VARIABLE = YES;
				MACOSX_DEPLOYMENT_TARGET = 10.12;
				MTL_ENABLE_DEBUG_INFO = YES;
				ONLY_ACTIVE_ARCH = YES;
				SDKROOT = macosx;
			};
			name = Debug;
		};
		980EA8311E57D22A0080CE10 /* Release */ = {
			isa = XCBuildConfiguration;
			buildSettings = {
				ALWAYS_SEARCH_USER_PATHS = NO;
				CLANG_ANALYZER_NONNULL = YES;
				CLANG_CXX_LANGUAGE_STANDARD = "gnu++0x";
				CLANG_CXX_LIBRARY = "libc++";
				CLANG_ENABLE_MODULES = YES;
				CLANG_ENABLE_OBJC_ARC = YES;
				CLANG_WARN_BOOL_CONVERSION = YES;
				CLANG_WARN_CONSTANT_CONVERSION = YES;
				CLANG_WARN_DIRECT_OBJC_ISA_USAGE = YES_ERROR;
				CLANG_WARN_DOCUMENTATION_COMMENTS = YES;
				CLANG_WARN_EMPTY_BODY = YES;
				CLANG_WARN_ENUM_CONVERSION = YES;
				CLANG_WARN_INFINITE_RECURSION = YES;
				CLANG_WARN_INT_CONVERSION = YES;
				CLANG_WARN_OBJC_ROOT_CLASS = YES_ERROR;
				CLANG_WARN_SUSPICIOUS_MOVE = YES;
				CLANG_WARN_UNREACHABLE_CODE = YES;
				CLANG_WARN__DUPLICATE_METHOD_MATCH = YES;
				CODE_SIGN_IDENTITY = "-";
				COPY_PHASE_STRIP = NO;
				DEBUG_INFORMATION_FORMAT = "dwarf-with-dsym";
				ENABLE_NS_ASSERTIONS = NO;
				ENABLE_STRICT_OBJC_MSGSEND = YES;
				GCC_C_LANGUAGE_STANDARD = gnu99;
				GCC_NO_COMMON_BLOCKS = YES;
				GCC_WARN_64_TO_32_BIT_CONVERSION = YES;
				GCC_WARN_ABOUT_RETURN_TYPE = YES_ERROR;
				GCC_WARN_UNDECLARED_SELECTOR = YES;
				GCC_WARN_UNINITIALIZED_AUTOS = YES_AGGRESSIVE;
				GCC_WARN_UNUSED_FUNCTION = YES;
				GCC_WARN_UNUSED_VARIABLE = YES;
				MACOSX_DEPLOYMENT_TARGET = 10.12;
				MTL_ENABLE_DEBUG_INFO = NO;
				SDKROOT = macosx;
			};
			name = Release;
		};
		980EA8331E57D22A0080CE10 /* Debug */ = {
			isa = XCBuildConfiguration;
			buildSettings = {
				ASSETCATALOG_COMPILER_APPICON_NAME = AppIcon;
				COMBINE_HIDPI_IMAGES = YES;
				DEVELOPMENT_TEAM = LDG49ZTAY9;
				INFOPLIST_FILE = "Attention Grabber/Info.plist";
				LD_RUNPATH_SEARCH_PATHS = "$(inherited) @executable_path/../Frameworks";
				PRODUCT_BUNDLE_IDENTIFIER = "us.rortic.Attention-Grabber";
				PRODUCT_NAME = "$(TARGET_NAME)";
			};
			name = Debug;
		};
		980EA8341E57D22A0080CE10 /* Release */ = {
			isa = XCBuildConfiguration;
			buildSettings = {
				ASSETCATALOG_COMPILER_APPICON_NAME = AppIcon;
				COMBINE_HIDPI_IMAGES = YES;
				DEVELOPMENT_TEAM = LDG49ZTAY9;
				INFOPLIST_FILE = "Attention Grabber/Info.plist";
				LD_RUNPATH_SEARCH_PATHS = "$(inherited) @executable_path/../Frameworks";
				PRODUCT_BUNDLE_IDENTIFIER = "us.rortic.Attention-Grabber";
				PRODUCT_NAME = "$(TARGET_NAME)";
			};
			name = Release;
		};
/* End XCBuildConfiguration section */

/* Begin XCConfigurationList section */
		980EA81C1E57D22A0080CE10 /* Build configuration list for PBXProject "Attention Grabber" */ = {
			isa = XCConfigurationList;
			buildConfigurations = (
				980EA8301E57D22A0080CE10 /* Debug */,
				980EA8311E57D22A0080CE10 /* Release */,
			);
			defaultConfigurationIsVisible = 0;
			defaultConfigurationName = Release;
		};
		980EA8321E57D22A0080CE10 /* Build configuration list for PBXNativeTarget "Attention Grabber" */ = {
			isa = XCConfigurationList;
			buildConfigurations = (
				980EA8331E57D22A0080CE10 /* Debug */,
				980EA8341E57D22A0080CE10 /* Release */,
			);
			defaultConfigurationIsVisible = 0;
		};
/* End XCConfigurationList section */
	};
	rootObject = 980EA8191E57D22A0080CE10 /* Project object */;
}
